<?xml version="1.0" encoding="utf-8"?>
<Project ToolsVersion="4.0" xmlns="http://schemas.microsoft.com/developer/msbuild/2003">
  <ItemGroup>
    <Filter Include="源文件">
      <UniqueIdentifier>{4FC737F1-C7A5-4376-A066-2A32D752A2FF}</UniqueIdentifier>
      <Extensions>cpp;c;cc;cxx;c++;cppm;ixx;def;odl;idl;hpj;bat;asm;asmx</Extensions>
    </Filter>
    <Filter Include="头文件">
      <UniqueIdentifier>{93995380-89BD-4b04-88EB-625FBE52EBFB}</UniqueIdentifier>
      <Extensions>h;hh;hpp;hxx;h++;hm;inl;inc;ipp;xsd</Extensions>
    </Filter>
    <Filter Include="资源文件">
      <UniqueIdentifier>{67DA6AB6-F800-4c08-8B7A-83BB121AAD01}</UniqueIdentifier>
      <Extensions>rc;ico;cur;bmp;dlg;rc2;rct;bin;rgs;gif;jpg;jpeg;jpe;resx;tiff;tif;png;wav;mfcribbon-ms</Extensions>
    </Filter>
  </ItemGroup>
  <ItemGroup>
    <ClCompile Include="engine\Material.cpp">
      <Filter>源文件</Filter>
    </ClCompile>
    <ClCompile Include="engine\Bound.cpp">
      <Filter>源文件</Filter>
    </ClCompile>
    <ClCompile Include="engine\Camera.cpp">
      <Filter>源文件</Filter>
    </ClCompile>
    <ClCompile Include="engine\Color.cpp">
      <Filter>源文件</Filter>
    </ClCompile>
    <ClCompile Include="engine\Common.cpp">
      <Filter>源文件</Filter>
    </ClCompile>
    <ClCompile Include="engine\RHIResourceManager.cpp">
      <Filter>源文件</Filter>
    </ClCompile>
    <ClCompile Include="engine\IRHIResource.cpp">
      <Filter>源文件</Filter>
    </ClCompile>
    <ClCompile Include="engine\IPreRender.cpp">
      <Filter>源文件</Filter>
    </ClCompile>
    <ClCompile Include="engine\IRenderControlUnit.cpp">
      <Filter>源文件</Filter>
    </ClCompile>
    <ClCompile Include="engine\IRenderModule.cpp">
      <Filter>源文件</Filter>
    </ClCompile>
    <ClCompile Include="engine\IRenderPipeline.cpp">
      <Filter>源文件</Filter>
    </ClCompile>
    <ClCompile Include="engine\Light.cpp">
      <Filter>源文件</Filter>
    </ClCompile>
    <ClCompile Include="engine\Mathf.cpp">
      <Filter>源文件</Filter>
    </ClCompile>
    <ClCompile Include="engine\Matrix4x4.cpp">
      <Filter>源文件</Filter>
    </ClCompile>
    <ClCompile Include="engine\PreRenderManager.cpp">
      <Filter>源文件</Filter>
    </ClCompile>
    <ClCompile Include="engine\Quaternion.cpp">
      <Filter>源文件</Filter>
    </ClCompile>
    <ClCompile Include="engine\Ray.cpp">
      <Filter>源文件</Filter>
    </ClCompile>
    <ClCompile Include="engine\Rect.cpp">
      <Filter>源文件</Filter>
    </ClCompile>
    <ClCompile Include="engine\RenderingEngine.cpp">
      <Filter>源文件</Filter>
    </ClCompile>
    <ClCompile Include="engine\RenderModuleManager.cpp">
      <Filter>源文件</Filter>
    </ClCompile>
    <ClCompile Include="engine\RenderPipelineManager.cpp">
      <Filter>源文件</Filter>
    </ClCompile>
    <ClCompile Include="engine\RenderQueue.cpp">
      <Filter>源文件</Filter>
    </ClCompile>
    <ClCompile Include="engine\RenderQueueManager.cpp">
      <Filter>源文件</Filter>
    </ClCompile>
    <ClCompile Include="engine\RenderTarget.cpp">
      <Filter>源文件</Filter>
    </ClCompile>
    <ClCompile Include="engine\Scene.cpp">
      <Filter>源文件</Filter>
    </ClCompile>
    <ClCompile Include="engine\SGNode.cpp">
      <Filter>源文件</Filter>
    </ClCompile>
    <ClCompile Include="engine\SGNodeIterator.cpp">
      <Filter>源文件</Filter>
    </ClCompile>
    <ClCompile Include="engine\RHIDescriptorSet.cpp">
      <Filter>源文件</Filter>
    </ClCompile>
    <ClCompile Include="engine\Mesh.cpp">
      <Filter>源文件</Filter>
    </ClCompile>
    <ClCompile Include="engine\RHITexture.cpp">
      <Filter>源文件</Filter>
    </ClCompile>
    <ClCompile Include="engine\RHIBuffer.cpp">
      <Filter>源文件</Filter>
    </ClCompile>
    <ClCompile Include="engine\RHITexture2D.cpp">
      <Filter>源文件</Filter>
    </ClCompile>
    <ClCompile Include="engine\RHIDevice.cpp">
      <Filter>源文件</Filter>
    </ClCompile>
    <ClCompile Include="engine\FileManager.cpp">
      <Filter>源文件</Filter>
    </ClCompile>
    <ClCompile Include="engine\RHISwapchain.cpp">
      <Filter>源文件</Filter>
    </ClCompile>
    <ClCompile Include="engine\RHIGraphicPipeline.cpp">
      <Filter>源文件</Filter>
    </ClCompile>
    <ClCompile Include="engine\ModelGltf.cpp">
      <Filter>源文件</Filter>
    </ClCompile>
    <ClCompile Include="engine\ModelObj.cpp">
      <Filter>源文件</Filter>
    </ClCompile>
    <ClCompile Include="engine\Vector2.cpp">
      <Filter>源文件</Filter>
    </ClCompile>
    <ClCompile Include="engine\Vector3.cpp">
      <Filter>源文件</Filter>
    </ClCompile>
    <ClCompile Include="engine\Vector4.cpp">
      <Filter>源文件</Filter>
    </ClCompile>
    <ClCompile Include="engine\Model3DGS.cpp">
      <Filter>源文件</Filter>
    </ClCompile>
    <ClCompile Include="engine\RHIComputePipeline.cpp">
      <Filter>源文件</Filter>
    </ClCompile>
  </ItemGroup>
  <ItemGroup>
    <ClInclude Include="engine\Material.h">
      <Filter>头文件</Filter>
    </ClInclude>
    <ClInclude Include="engine\Bound.h">
      <Filter>头文件</Filter>
    </ClInclude>
    <ClInclude Include="engine\Camera.h">
      <Filter>头文件</Filter>
    </ClInclude>
    <ClInclude Include="engine\Color.h">
      <Filter>头文件</Filter>
    </ClInclude>
    <ClInclude Include="engine\Common.h">
      <Filter>头文件</Filter>
    </ClInclude>
    <ClInclude Include="engine\RHIResourceManager.h">
      <Filter>头文件</Filter>
    </ClInclude>
    <ClInclude Include="engine\IRHIResource.h">
      <Filter>头文件</Filter>
    </ClInclude>
    <ClInclude Include="engine\IPreRender.h">
      <Filter>头文件</Filter>
    </ClInclude>
    <ClInclude Include="engine\IRenderControlUnit.h">
      <Filter>头文件</Filter>
    </ClInclude>
    <ClInclude Include="engine\IRenderPipeline.h">
      <Filter>头文件</Filter>
    </ClInclude>
    <ClInclude Include="engine\Light.h">
      <Filter>头文件</Filter>
    </ClInclude>
    <ClInclude Include="engine\Mathf.h">
      <Filter>头文件</Filter>
    </ClInclude>
    <ClInclude Include="engine\Matrix4x4.h">
      <Filter>头文件</Filter>
    </ClInclude>
    <ClInclude Include="engine\PreRenderManager.h">
      <Filter>头文件</Filter>
    </ClInclude>
    <ClInclude Include="engine\Quaternion.h">
      <Filter>头文件</Filter>
    </ClInclude>
    <ClInclude Include="engine\Ray.h">
      <Filter>头文件</Filter>
    </ClInclude>
    <ClInclude Include="engine\Rect.h">
      <Filter>头文件</Filter>
    </ClInclude>
    <ClInclude Include="engine\RenderingEngine.h">
      <Filter>头文件</Filter>
    </ClInclude>
    <ClInclude Include="engine\RenderModuleManager.h">
      <Filter>头文件</Filter>
    </ClInclude>
    <ClInclude Include="engine\RenderPipelineManager.h">
      <Filter>头文件</Filter>
    </ClInclude>
    <ClInclude Include="engine\RenderQueue.h">
      <Filter>头文件</Filter>
    </ClInclude>
    <ClInclude Include="engine\RenderQueueManager.h">
      <Filter>头文件</Filter>
    </ClInclude>
    <ClInclude Include="engine\RenderTarget.h">
      <Filter>头文件</Filter>
    </ClInclude>
    <ClInclude Include="engine\Scene.h">
      <Filter>头文件</Filter>
    </ClInclude>
    <ClInclude Include="engine\SGNode.h">
      <Filter>头文件</Filter>
    </ClInclude>
    <ClInclude Include="engine\SGNodeIterator.h">
      <Filter>头文件</Filter>
    </ClInclude>
    <ClInclude Include="engine\RHIDescriptorSet.h">
      <Filter>头文件</Filter>
    </ClInclude>
    <ClInclude Include="engine\Mesh.h">
      <Filter>头文件</Filter>
    </ClInclude>
    <ClInclude Include="engine\RHITexture.h">
      <Filter>头文件</Filter>
    </ClInclude>
    <ClInclude Include="engine\RHIBuffer.h">
      <Filter>头文件</Filter>
    </ClInclude>
    <ClInclude Include="engine\RHITexture2D.h">
      <Filter>头文件</Filter>
    </ClInclude>
    <ClInclude Include="engine\RHIDevice.h">
      <Filter>头文件</Filter>
    </ClInclude>
    <ClInclude Include="engine\FileManager.h">
      <Filter>头文件</Filter>
    </ClInclude>
    <ClInclude Include="engine\RHISwapchain.h">
      <Filter>头文件</Filter>
    </ClInclude>
    <ClInclude Include="engine\RHIGraphicPipeline.h">
      <Filter>头文件</Filter>
    </ClInclude>
    <ClInclude Include="engine\ModelGltf.h">
      <Filter>头文件</Filter>
    </ClInclude>
    <ClInclude Include="engine\ModelObj.h">
      <Filter>头文件</Filter>
    </ClInclude>
    <ClInclude Include="engine\Vector2.h">
      <Filter>头文件</Filter>
    </ClInclude>
    <ClInclude Include="engine\Vector3.h">
      <Filter>头文件</Filter>
    </ClInclude>
    <ClInclude Include="engine\Vector4.h">
      <Filter>头文件</Filter>
    </ClInclude>
    <ClInclude Include="engine\IRenderModule.h">
      <Filter>头文件</Filter>
    </ClInclude>
    <ClInclude Include="engine\Model3DGS.h">
      <Filter>头文件</Filter>
    </ClInclude>
    <ClInclude Include="engine\RHIComputePipeline.h">
      <Filter>头文件</Filter>
    </ClInclude>
  </ItemGroup>
</Project>