// !$*UTF8*$!
{
	archiveVersion = 1;
	classes = {
	};
	objectVersion = 48;
	objects = {

/* Begin PBXBuildFile section */
		331432141FB0CF640071D653 /* Ray.h in Headers */ = {isa = PBXBuildFile; fileRef = 331431B71FB0CF5C0071D653 /* Ray.h */; };
		331432151FB0CF640071D653 /* Collider.h in Headers */ = {isa = PBXBuildFile; fileRef = 331431B81FB0CF5C0071D653 /* Collider.h */; };
		331432161FB0CF640071D653 /* RenderQueue.h in Headers */ = {isa = PBXBuildFile; fileRef = 331431B91FB0CF5C0071D653 /* RenderQueue.h */; };
		331432171FB0CF640071D653 /* Light.h in Headers */ = {isa = PBXBuildFile; fileRef = 331431BA1FB0CF5C0071D653 /* Light.h */; };
		331432181FB0CF640071D653 /* GPUResourceManager.h in Headers */ = {isa = PBXBuildFile; fileRef = 331431BB1FB0CF5C0071D653 /* GPUResourceManager.h */; };
		331432191FB0CF640071D653 /* Bound.cpp in Sources */ = {isa = PBXBuildFile; fileRef = 331431BC1FB0CF5C0071D653 /* Bound.cpp */; };
		3314321A1FB0CF640071D653 /* Bound.h in Headers */ = {isa = PBXBuildFile; fileRef = 331431BD1FB0CF5C0071D653 /* Bound.h */; };
		3314321B1FB0CF640071D653 /* Texture.h in Headers */ = {isa = PBXBuildFile; fileRef = 331431BE1FB0CF5C0071D653 /* Texture.h */; };
		3314321C1FB0CF640071D653 /* SkinShape.h in Headers */ = {isa = PBXBuildFile; fileRef = 331431BF1FB0CF5C0071D653 /* SkinShape.h */; };
		3314321D1FB0CF640071D653 /* FeatureType.h in Headers */ = {isa = PBXBuildFile; fileRef = 331431C01FB0CF5C0071D653 /* FeatureType.h */; };
		3314321E1FB0CF640071D653 /* Geometry.cpp in Sources */ = {isa = PBXBuildFile; fileRef = 331431C11FB0CF5D0071D653 /* Geometry.cpp */; };
		3314321F1FB0CF640071D653 /* Scene.h in Headers */ = {isa = PBXBuildFile; fileRef = 331431C21FB0CF5D0071D653 /* Scene.h */; };
		331432201FB0CF640071D653 /* PreRenderManager.cpp in Sources */ = {isa = PBXBuildFile; fileRef = 331431C31FB0CF5D0071D653 /* PreRenderManager.cpp */; };
		331432211FB0CF640071D653 /* Mathf.h in Headers */ = {isa = PBXBuildFile; fileRef = 331431C41FB0CF5D0071D653 /* Mathf.h */; };
		331432221FB0CF640071D653 /* FeatureVisitor.cpp in Sources */ = {isa = PBXBuildFile; fileRef = 331431C51FB0CF5D0071D653 /* FeatureVisitor.cpp */; };
		331432231FB0CF640071D653 /* Camera.h in Headers */ = {isa = PBXBuildFile; fileRef = 331431C61FB0CF5D0071D653 /* Camera.h */; };
		331432241FB0CF640071D653 /* IFeature.cpp in Sources */ = {isa = PBXBuildFile; fileRef = 331431C71FB0CF5D0071D653 /* IFeature.cpp */; };
		331432251FB0CF640071D653 /* Texture.cpp in Sources */ = {isa = PBXBuildFile; fileRef = 331431C81FB0CF5D0071D653 /* Texture.cpp */; };
		331432261FB0CF640071D653 /* Shader.cpp in Sources */ = {isa = PBXBuildFile; fileRef = 331431C91FB0CF5D0071D653 /* Shader.cpp */; };
		331432271FB0CF640071D653 /* Geometry.h in Headers */ = {isa = PBXBuildFile; fileRef = 331431CA1FB0CF5D0071D653 /* Geometry.h */; };
		331432281FB0CF640071D653 /* RenderTarget.h in Headers */ = {isa = PBXBuildFile; fileRef = 331431CB1FB0CF5D0071D653 /* RenderTarget.h */; };
		331432291FB0CF640071D653 /* Appearance.cpp in Sources */ = {isa = PBXBuildFile; fileRef = 331431CC1FB0CF5D0071D653 /* Appearance.cpp */; };
		3314322A1FB0CF640071D653 /* Matrix4x4.h in Headers */ = {isa = PBXBuildFile; fileRef = 331431CD1FB0CF5D0071D653 /* Matrix4x4.h */; };
		3314322B1FB0CF640071D653 /* Transform.h in Headers */ = {isa = PBXBuildFile; fileRef = 331431CE1FB0CF5D0071D653 /* Transform.h */; };
		3314322C1FB0CF640071D653 /* GeometryBuffer.cpp in Sources */ = {isa = PBXBuildFile; fileRef = 331431CF1FB0CF5E0071D653 /* GeometryBuffer.cpp */; };
		3314322D1FB0CF640071D653 /* Quaternion.cpp in Sources */ = {isa = PBXBuildFile; fileRef = 331431D01FB0CF5E0071D653 /* Quaternion.cpp */; };
		3314322E1FB0CF640071D653 /* SGNodeIterator.cpp in Sources */ = {isa = PBXBuildFile; fileRef = 331431D11FB0CF5E0071D653 /* SGNodeIterator.cpp */; };
		3314322F1FB0CF640071D653 /* Vector4.cpp in Sources */ = {isa = PBXBuildFile; fileRef = 331431D21FB0CF5E0071D653 /* Vector4.cpp */; };
		331432301FB0CF640071D653 /* Color.cpp in Sources */ = {isa = PBXBuildFile; fileRef = 331431D31FB0CF5E0071D653 /* Color.cpp */; };
		331432311FB0CF640071D653 /* IRenderModule.h in Headers */ = {isa = PBXBuildFile; fileRef = 331431D41FB0CF5E0071D653 /* IRenderModule.h */; };
		331432321FB0CF640071D653 /* Component.cpp in Sources */ = {isa = PBXBuildFile; fileRef = 331431D51FB0CF5E0071D653 /* Component.cpp */; };
		331432331FB0CF640071D653 /* Color.h in Headers */ = {isa = PBXBuildFile; fileRef = 331431D61FB0CF5E0071D653 /* Color.h */; };
		331432341FB0CF640071D653 /* IGPUResource.h in Headers */ = {isa = PBXBuildFile; fileRef = 331431D71FB0CF5F0071D653 /* IGPUResource.h */; };
		331432351FB0CF640071D653 /* Mathf.cpp in Sources */ = {isa = PBXBuildFile; fileRef = 331431D81FB0CF5F0071D653 /* Mathf.cpp */; };
		331432361FB0CF640071D653 /* FeatureVisitor.h in Headers */ = {isa = PBXBuildFile; fileRef = 331431D91FB0CF5F0071D653 /* FeatureVisitor.h */; };
		331432371FB0CF640071D653 /* IRenderControlUnit.h in Headers */ = {isa = PBXBuildFile; fileRef = 331431DA1FB0CF5F0071D653 /* IRenderControlUnit.h */; };
		331432381FB0CF640071D653 /* Rect.h in Headers */ = {isa = PBXBuildFile; fileRef = 331431DB1FB0CF5F0071D653 /* Rect.h */; };
		331432391FB0CF640071D653 /* IRenderPipeline.cpp in Sources */ = {isa = PBXBuildFile; fileRef = 331431DC1FB0CF5F0071D653 /* IRenderPipeline.cpp */; };
		3314323A1FB0CF640071D653 /* RenderingEngine.h in Headers */ = {isa = PBXBuildFile; fileRef = 331431DD1FB0CF5F0071D653 /* RenderingEngine.h */; };
		3314323B1FB0CF640071D653 /* Collider.cpp in Sources */ = {isa = PBXBuildFile; fileRef = 331431DE1FB0CF5F0071D653 /* Collider.cpp */; };
		3314323C1FB0CF640071D653 /* Common.h in Headers */ = {isa = PBXBuildFile; fileRef = 331431DF1FB0CF5F0071D653 /* Common.h */; };
		3314323D1FB0CF640071D653 /* RenderModuleManager.cpp in Sources */ = {isa = PBXBuildFile; fileRef = 331431E01FB0CF5F0071D653 /* RenderModuleManager.cpp */; };
		3314323E1FB0CF640071D653 /* IGPUResource.cpp in Sources */ = {isa = PBXBuildFile; fileRef = 331431E11FB0CF600071D653 /* IGPUResource.cpp */; };
		3314323F1FB0CF640071D653 /* IPreRender.cpp in Sources */ = {isa = PBXBuildFile; fileRef = 331431E21FB0CF600071D653 /* IPreRender.cpp */; };
		331432401FB0CF640071D653 /* IRenderControlUnit.cpp in Sources */ = {isa = PBXBuildFile; fileRef = 331431E31FB0CF600071D653 /* IRenderControlUnit.cpp */; };
		331432411FB0CF640071D653 /* Light.cpp in Sources */ = {isa = PBXBuildFile; fileRef = 331431E41FB0CF600071D653 /* Light.cpp */; };
		331432421FB0CF640071D653 /* Matrix4x4.cpp in Sources */ = {isa = PBXBuildFile; fileRef = 331431E51FB0CF600071D653 /* Matrix4x4.cpp */; };
		331432431FB0CF640071D653 /* CameraManager.h in Headers */ = {isa = PBXBuildFile; fileRef = 331431E61FB0CF600071D653 /* CameraManager.h */; };
		331432441FB0CF640071D653 /* RenderPipelineManager.cpp in Sources */ = {isa = PBXBuildFile; fileRef = 331431E71FB0CF600071D653 /* RenderPipelineManager.cpp */; };
		331432451FB0CF640071D653 /* RenderPipelineManager.h in Headers */ = {isa = PBXBuildFile; fileRef = 331431E81FB0CF600071D653 /* RenderPipelineManager.h */; };
		331432461FB0CF640071D653 /* SGNode.cpp in Sources */ = {isa = PBXBuildFile; fileRef = 331431E91FB0CF600071D653 /* SGNode.cpp */; };
		331432471FB0CF640071D653 /* Vector2.h in Headers */ = {isa = PBXBuildFile; fileRef = 331431EA1FB0CF600071D653 /* Vector2.h */; };
		331432481FB0CF640071D653 /* Vector3.cpp in Sources */ = {isa = PBXBuildFile; fileRef = 331431EB1FB0CF610071D653 /* Vector3.cpp */; };
		331432491FB0CF640071D653 /* Appearance.h in Headers */ = {isa = PBXBuildFile; fileRef = 331431EC1FB0CF610071D653 /* Appearance.h */; };
		3314324A1FB0CF640071D653 /* SceneIterator.h in Headers */ = {isa = PBXBuildFile; fileRef = 331431ED1FB0CF610071D653 /* SceneIterator.h */; };
		3314324B1FB0CF640071D653 /* SkinAnimClip.cpp in Sources */ = {isa = PBXBuildFile; fileRef = 331431EE1FB0CF610071D653 /* SkinAnimClip.cpp */; };
		3314324C1FB0CF640071D653 /* SceneIterator.cpp in Sources */ = {isa = PBXBuildFile; fileRef = 331431EF1FB0CF610071D653 /* SceneIterator.cpp */; };
		3314324D1FB0CF640071D653 /* Shape.h in Headers */ = {isa = PBXBuildFile; fileRef = 331431F01FB0CF610071D653 /* Shape.h */; };
		3314324E1FB0CF640071D653 /* IFeature.h in Headers */ = {isa = PBXBuildFile; fileRef = 331431F11FB0CF610071D653 /* IFeature.h */; };
		3314324F1FB0CF640071D653 /* GeometryBuffer.h in Headers */ = {isa = PBXBuildFile; fileRef = 331431F21FB0CF610071D653 /* GeometryBuffer.h */; };
		331432501FB0CF640071D653 /* Scene.cpp in Sources */ = {isa = PBXBuildFile; fileRef = 331431F31FB0CF610071D653 /* Scene.cpp */; };
		331432511FB0CF640071D653 /* SGNode.h in Headers */ = {isa = PBXBuildFile; fileRef = 331431F41FB0CF610071D653 /* SGNode.h */; };
		331432521FB0CF640071D653 /* SkinAnim.h in Headers */ = {isa = PBXBuildFile; fileRef = 331431F51FB0CF610071D653 /* SkinAnim.h */; };
		331432531FB0CF640071D653 /* Transform.cpp in Sources */ = {isa = PBXBuildFile; fileRef = 331431F61FB0CF610071D653 /* Transform.cpp */; };
		331432541FB0CF640071D653 /* Vector3.h in Headers */ = {isa = PBXBuildFile; fileRef = 331431F71FB0CF620071D653 /* Vector3.h */; };
		331432551FB0CF640071D653 /* Camera.cpp in Sources */ = {isa = PBXBuildFile; fileRef = 331431F81FB0CF620071D653 /* Camera.cpp */; };
		331432561FB0CF640071D653 /* IRenderModule.cpp in Sources */ = {isa = PBXBuildFile; fileRef = 331431F91FB0CF620071D653 /* IRenderModule.cpp */; };
		331432571FB0CF640071D653 /* Rect.cpp in Sources */ = {isa = PBXBuildFile; fileRef = 331431FA1FB0CF620071D653 /* Rect.cpp */; };
		331432581FB0CF640071D653 /* RenderQueueManager.cpp in Sources */ = {isa = PBXBuildFile; fileRef = 331431FB1FB0CF620071D653 /* RenderQueueManager.cpp */; };
		331432591FB0CF640071D653 /* SkinAnim.cpp in Sources */ = {isa = PBXBuildFile; fileRef = 331431FC1FB0CF620071D653 /* SkinAnim.cpp */; };
		3314325A1FB0CF640071D653 /* Shape.cpp in Sources */ = {isa = PBXBuildFile; fileRef = 331431FD1FB0CF620071D653 /* Shape.cpp */; };
		3314325B1FB0CF640071D653 /* RenderQueueManager.h in Headers */ = {isa = PBXBuildFile; fileRef = 331431FE1FB0CF620071D653 /* RenderQueueManager.h */; };
		3314325C1FB0CF640071D653 /* Quaternion.h in Headers */ = {isa = PBXBuildFile; fileRef = 331431FF1FB0CF620071D653 /* Quaternion.h */; };
		3314325D1FB0CF640071D653 /* GPUResourceManager.cpp in Sources */ = {isa = PBXBuildFile; fileRef = 331432001FB0CF620071D653 /* GPUResourceManager.cpp */; };
		3314325E1FB0CF640071D653 /* SGNodeIterator.h in Headers */ = {isa = PBXBuildFile; fileRef = 331432011FB0CF620071D653 /* SGNodeIterator.h */; };
		3314325F1FB0CF640071D653 /* Shader.h in Headers */ = {isa = PBXBuildFile; fileRef = 331432021FB0CF630071D653 /* Shader.h */; };
		331432601FB0CF640071D653 /* Ray.cpp in Sources */ = {isa = PBXBuildFile; fileRef = 331432031FB0CF630071D653 /* Ray.cpp */; };
		331432611FB0CF640071D653 /* RenderModuleManager.h in Headers */ = {isa = PBXBuildFile; fileRef = 331432041FB0CF630071D653 /* RenderModuleManager.h */; };
		331432621FB0CF640071D653 /* SceneModelManipulator.cpp in Sources */ = {isa = PBXBuildFile; fileRef = 331432051FB0CF630071D653 /* SceneModelManipulator.cpp */; };
		331432631FB0CF640071D653 /* IRenderPipeline.h in Headers */ = {isa = PBXBuildFile; fileRef = 331432061FB0CF630071D653 /* IRenderPipeline.h */; };
		331432641FB0CF640071D653 /* SkinAnimClip.h in Headers */ = {isa = PBXBuildFile; fileRef = 331432071FB0CF630071D653 /* SkinAnimClip.h */; };
		331432651FB0CF640071D653 /* RenderTarget.cpp in Sources */ = {isa = PBXBuildFile; fileRef = 331432081FB0CF630071D653 /* RenderTarget.cpp */; };
		331432661FB0CF640071D653 /* Vector2.cpp in Sources */ = {isa = PBXBuildFile; fileRef = 331432091FB0CF630071D653 /* Vector2.cpp */; };
		331432671FB0CF640071D653 /* Component.h in Headers */ = {isa = PBXBuildFile; fileRef = 3314320A1FB0CF630071D653 /* Component.h */; };
		331432681FB0CF640071D653 /* IPreRender.h in Headers */ = {isa = PBXBuildFile; fileRef = 3314320B1FB0CF630071D653 /* IPreRender.h */; };
		331432691FB0CF640071D653 /* PreRenderManager.h in Headers */ = {isa = PBXBuildFile; fileRef = 3314320C1FB0CF630071D653 /* PreRenderManager.h */; };
		3314326A1FB0CF640071D653 /* RenderingEngine.cpp in Sources */ = {isa = PBXBuildFile; fileRef = 3314320D1FB0CF640071D653 /* RenderingEngine.cpp */; };
		3314326B1FB0CF640071D653 /* SceneModelManipulator.h in Headers */ = {isa = PBXBuildFile; fileRef = 3314320E1FB0CF640071D653 /* SceneModelManipulator.h */; };
		3314326C1FB0CF640071D653 /* SkinShape.cpp in Sources */ = {isa = PBXBuildFile; fileRef = 3314320F1FB0CF640071D653 /* SkinShape.cpp */; };
		3314326D1FB0CF640071D653 /* Vector4.h in Headers */ = {isa = PBXBuildFile; fileRef = 331432101FB0CF640071D653 /* Vector4.h */; };
		3314326E1FB0CF640071D653 /* CameraManager.cpp in Sources */ = {isa = PBXBuildFile; fileRef = 331432111FB0CF640071D653 /* CameraManager.cpp */; };
		3314326F1FB0CF640071D653 /* RenderQueue.cpp in Sources */ = {isa = PBXBuildFile; fileRef = 331432121FB0CF640071D653 /* RenderQueue.cpp */; };
		331432701FB0CF640071D653 /* Common.cpp in Sources */ = {isa = PBXBuildFile; fileRef = 331432131FB0CF640071D653 /* Common.cpp */; };
		331DE7A71FBF54BD0053A992 /* SceneParser.h in Headers */ = {isa = PBXBuildFile; fileRef = 331DE7A51FBF54BC0053A992 /* SceneParser.h */; };
		331DE7A81FBF54BD0053A992 /* SceneParser.cpp in Sources */ = {isa = PBXBuildFile; fileRef = 331DE7A61FBF54BC0053A992 /* SceneParser.cpp */; };
/* End PBXBuildFile section */

/* Begin PBXFileReference section */
		331431B71FB0CF5C0071D653 /* Ray.h */ = {isa = PBXFileReference; fileEncoding = 4; lastKnownFileType = sourcecode.c.h; name = Ray.h; path = engine/Ray.h; sourceTree = "<group>"; };
		331431B81FB0CF5C0071D653 /* Collider.h */ = {isa = PBXFileReference; fileEncoding = 4; lastKnownFileType = sourcecode.c.h; name = Collider.h; path = engine/Collider.h; sourceTree = "<group>"; };
		331431B91FB0CF5C0071D653 /* RenderQueue.h */ = {isa = PBXFileReference; fileEncoding = 4; lastKnownFileType = sourcecode.c.h; name = RenderQueue.h; path = engine/RenderQueue.h; sourceTree = "<group>"; };
		331431BA1FB0CF5C0071D653 /* Light.h */ = {isa = PBXFileReference; fileEncoding = 4; lastKnownFileType = sourcecode.c.h; name = Light.h; path = engine/Light.h; sourceTree = "<group>"; };
		331431BB1FB0CF5C0071D653 /* GPUResourceManager.h */ = {isa = PBXFileReference; fileEncoding = 4; lastKnownFileType = sourcecode.c.h; name = GPUResourceManager.h; path = engine/GPUResourceManager.h; sourceTree = "<group>"; };
		331431BC1FB0CF5C0071D653 /* Bound.cpp */ = {isa = PBXFileReference; fileEncoding = 4; lastKnownFileType = sourcecode.cpp.cpp; name = Bound.cpp; path = engine/Bound.cpp; sourceTree = "<group>"; };
		331431BD1FB0CF5C0071D653 /* Bound.h */ = {isa = PBXFileReference; fileEncoding = 4; lastKnownFileType = sourcecode.c.h; name = Bound.h; path = engine/Bound.h; sourceTree = "<group>"; };
		331431BE1FB0CF5C0071D653 /* Texture.h */ = {isa = PBXFileReference; fileEncoding = 4; lastKnownFileType = sourcecode.c.h; name = Texture.h; path = engine/Texture.h; sourceTree = "<group>"; };
		331431BF1FB0CF5C0071D653 /* SkinShape.h */ = {isa = PBXFileReference; fileEncoding = 4; lastKnownFileType = sourcecode.c.h; name = SkinShape.h; path = engine/SkinShape.h; sourceTree = "<group>"; };
		331431C01FB0CF5C0071D653 /* FeatureType.h */ = {isa = PBXFileReference; fileEncoding = 4; lastKnownFileType = sourcecode.c.h; name = FeatureType.h; path = engine/FeatureType.h; sourceTree = "<group>"; };
		331431C11FB0CF5D0071D653 /* Geometry.cpp */ = {isa = PBXFileReference; fileEncoding = 4; lastKnownFileType = sourcecode.cpp.cpp; name = Geometry.cpp; path = engine/Geometry.cpp; sourceTree = "<group>"; };
		331431C21FB0CF5D0071D653 /* Scene.h */ = {isa = PBXFileReference; fileEncoding = 4; lastKnownFileType = sourcecode.c.h; name = Scene.h; path = engine/Scene.h; sourceTree = "<group>"; };
		331431C31FB0CF5D0071D653 /* PreRenderManager.cpp */ = {isa = PBXFileReference; fileEncoding = 4; lastKnownFileType = sourcecode.cpp.cpp; name = PreRenderManager.cpp; path = engine/PreRenderManager.cpp; sourceTree = "<group>"; };
		331431C41FB0CF5D0071D653 /* Mathf.h */ = {isa = PBXFileReference; fileEncoding = 4; lastKnownFileType = sourcecode.c.h; name = Mathf.h; path = engine/Mathf.h; sourceTree = "<group>"; };
		331431C51FB0CF5D0071D653 /* FeatureVisitor.cpp */ = {isa = PBXFileReference; fileEncoding = 4; lastKnownFileType = sourcecode.cpp.cpp; name = FeatureVisitor.cpp; path = engine/FeatureVisitor.cpp; sourceTree = "<group>"; };
		331431C61FB0CF5D0071D653 /* Camera.h */ = {isa = PBXFileReference; fileEncoding = 4; lastKnownFileType = sourcecode.c.h; name = Camera.h; path = engine/Camera.h; sourceTree = "<group>"; };
		331431C71FB0CF5D0071D653 /* IFeature.cpp */ = {isa = PBXFileReference; fileEncoding = 4; lastKnownFileType = sourcecode.cpp.cpp; name = IFeature.cpp; path = engine/IFeature.cpp; sourceTree = "<group>"; };
		331431C81FB0CF5D0071D653 /* Texture.cpp */ = {isa = PBXFileReference; fileEncoding = 4; lastKnownFileType = sourcecode.cpp.cpp; name = Texture.cpp; path = engine/Texture.cpp; sourceTree = "<group>"; };
		331431C91FB0CF5D0071D653 /* Shader.cpp */ = {isa = PBXFileReference; fileEncoding = 4; lastKnownFileType = sourcecode.cpp.cpp; name = Shader.cpp; path = engine/Shader.cpp; sourceTree = "<group>"; };
		331431CA1FB0CF5D0071D653 /* Geometry.h */ = {isa = PBXFileReference; fileEncoding = 4; lastKnownFileType = sourcecode.c.h; name = Geometry.h; path = engine/Geometry.h; sourceTree = "<group>"; };
		331431CB1FB0CF5D0071D653 /* RenderTarget.h */ = {isa = PBXFileReference; fileEncoding = 4; lastKnownFileType = sourcecode.c.h; name = RenderTarget.h; path = engine/RenderTarget.h; sourceTree = "<group>"; };
		331431CC1FB0CF5D0071D653 /* Appearance.cpp */ = {isa = PBXFileReference; fileEncoding = 4; lastKnownFileType = sourcecode.cpp.cpp; name = Appearance.cpp; path = engine/Appearance.cpp; sourceTree = "<group>"; };
		331431CD1FB0CF5D0071D653 /* Matrix4x4.h */ = {isa = PBXFileReference; fileEncoding = 4; lastKnownFileType = sourcecode.c.h; name = Matrix4x4.h; path = engine/Matrix4x4.h; sourceTree = "<group>"; };
		331431CE1FB0CF5D0071D653 /* Transform.h */ = {isa = PBXFileReference; fileEncoding = 4; lastKnownFileType = sourcecode.c.h; name = Transform.h; path = engine/Transform.h; sourceTree = "<group>"; };
		331431CF1FB0CF5E0071D653 /* GeometryBuffer.cpp */ = {isa = PBXFileReference; fileEncoding = 4; lastKnownFileType = sourcecode.cpp.cpp; name = GeometryBuffer.cpp; path = engine/GeometryBuffer.cpp; sourceTree = "<group>"; };
		331431D01FB0CF5E0071D653 /* Quaternion.cpp */ = {isa = PBXFileReference; fileEncoding = 4; lastKnownFileType = sourcecode.cpp.cpp; name = Quaternion.cpp; path = engine/Quaternion.cpp; sourceTree = "<group>"; };
		331431D11FB0CF5E0071D653 /* SGNodeIterator.cpp */ = {isa = PBXFileReference; fileEncoding = 4; lastKnownFileType = sourcecode.cpp.cpp; name = SGNodeIterator.cpp; path = engine/SGNodeIterator.cpp; sourceTree = "<group>"; };
		331431D21FB0CF5E0071D653 /* Vector4.cpp */ = {isa = PBXFileReference; fileEncoding = 4; lastKnownFileType = sourcecode.cpp.cpp; name = Vector4.cpp; path = engine/Vector4.cpp; sourceTree = "<group>"; };
		331431D31FB0CF5E0071D653 /* Color.cpp */ = {isa = PBXFileReference; fileEncoding = 4; lastKnownFileType = sourcecode.cpp.cpp; name = Color.cpp; path = engine/Color.cpp; sourceTree = "<group>"; };
		331431D41FB0CF5E0071D653 /* IRenderModule.h */ = {isa = PBXFileReference; fileEncoding = 4; lastKnownFileType = sourcecode.c.h; name = IRenderModule.h; path = engine/IRenderModule.h; sourceTree = "<group>"; };
		331431D51FB0CF5E0071D653 /* Component.cpp */ = {isa = PBXFileReference; fileEncoding = 4; lastKnownFileType = sourcecode.cpp.cpp; name = Component.cpp; path = engine/Component.cpp; sourceTree = "<group>"; };
		331431D61FB0CF5E0071D653 /* Color.h */ = {isa = PBXFileReference; fileEncoding = 4; lastKnownFileType = sourcecode.c.h; name = Color.h; path = engine/Color.h; sourceTree = "<group>"; };
		331431D71FB0CF5F0071D653 /* IGPUResource.h */ = {isa = PBXFileReference; fileEncoding = 4; lastKnownFileType = sourcecode.c.h; name = IGPUResource.h; path = engine/IGPUResource.h; sourceTree = "<group>"; };
		331431D81FB0CF5F0071D653 /* Mathf.cpp */ = {isa = PBXFileReference; fileEncoding = 4; lastKnownFileType = sourcecode.cpp.cpp; name = Mathf.cpp; path = engine/Mathf.cpp; sourceTree = "<group>"; };
		331431D91FB0CF5F0071D653 /* FeatureVisitor.h */ = {isa = PBXFileReference; fileEncoding = 4; lastKnownFileType = sourcecode.c.h; name = FeatureVisitor.h; path = engine/FeatureVisitor.h; sourceTree = "<group>"; };
		331431DA1FB0CF5F0071D653 /* IRenderControlUnit.h */ = {isa = PBXFileReference; fileEncoding = 4; lastKnownFileType = sourcecode.c.h; name = IRenderControlUnit.h; path = engine/IRenderControlUnit.h; sourceTree = "<group>"; };
		331431DB1FB0CF5F0071D653 /* Rect.h */ = {isa = PBXFileReference; fileEncoding = 4; lastKnownFileType = sourcecode.c.h; name = Rect.h; path = engine/Rect.h; sourceTree = "<group>"; };
		331431DC1FB0CF5F0071D653 /* IRenderPipeline.cpp */ = {isa = PBXFileReference; fileEncoding = 4; lastKnownFileType = sourcecode.cpp.cpp; name = IRenderPipeline.cpp; path = engine/IRenderPipeline.cpp; sourceTree = "<group>"; };
		331431DD1FB0CF5F0071D653 /* RenderingEngine.h */ = {isa = PBXFileReference; fileEncoding = 4; lastKnownFileType = sourcecode.c.h; name = RenderingEngine.h; path = engine/RenderingEngine.h; sourceTree = "<group>"; };
		331431DE1FB0CF5F0071D653 /* Collider.cpp */ = {isa = PBXFileReference; fileEncoding = 4; lastKnownFileType = sourcecode.cpp.cpp; name = Collider.cpp; path = engine/Collider.cpp; sourceTree = "<group>"; };
		331431DF1FB0CF5F0071D653 /* Common.h */ = {isa = PBXFileReference; fileEncoding = 4; lastKnownFileType = sourcecode.c.h; name = Common.h; path = engine/Common.h; sourceTree = "<group>"; };
		331431E01FB0CF5F0071D653 /* RenderModuleManager.cpp */ = {isa = PBXFileReference; fileEncoding = 4; lastKnownFileType = sourcecode.cpp.cpp; name = RenderModuleManager.cpp; path = engine/RenderModuleManager.cpp; sourceTree = "<group>"; };
		331431E11FB0CF600071D653 /* IGPUResource.cpp */ = {isa = PBXFileReference; fileEncoding = 4; lastKnownFileType = sourcecode.cpp.cpp; name = IGPUResource.cpp; path = engine/IGPUResource.cpp; sourceTree = "<group>"; };
		331431E21FB0CF600071D653 /* IPreRender.cpp */ = {isa = PBXFileReference; fileEncoding = 4; lastKnownFileType = sourcecode.cpp.cpp; name = IPreRender.cpp; path = engine/IPreRender.cpp; sourceTree = "<group>"; };
		331431E31FB0CF600071D653 /* IRenderControlUnit.cpp */ = {isa = PBXFileReference; fileEncoding = 4; lastKnownFileType = sourcecode.cpp.cpp; name = IRenderControlUnit.cpp; path = engine/IRenderControlUnit.cpp; sourceTree = "<group>"; };
		331431E41FB0CF600071D653 /* Light.cpp */ = {isa = PBXFileReference; fileEncoding = 4; lastKnownFileType = sourcecode.cpp.cpp; name = Light.cpp; path = engine/Light.cpp; sourceTree = "<group>"; };
		331431E51FB0CF600071D653 /* Matrix4x4.cpp */ = {isa = PBXFileReference; fileEncoding = 4; lastKnownFileType = sourcecode.cpp.cpp; name = Matrix4x4.cpp; path = engine/Matrix4x4.cpp; sourceTree = "<group>"; };
		331431E61FB0CF600071D653 /* CameraManager.h */ = {isa = PBXFileReference; fileEncoding = 4; lastKnownFileType = sourcecode.c.h; name = CameraManager.h; path = engine/CameraManager.h; sourceTree = "<group>"; };
		331431E71FB0CF600071D653 /* RenderPipelineManager.cpp */ = {isa = PBXFileReference; fileEncoding = 4; lastKnownFileType = sourcecode.cpp.cpp; name = RenderPipelineManager.cpp; path = engine/RenderPipelineManager.cpp; sourceTree = "<group>"; };
		331431E81FB0CF600071D653 /* RenderPipelineManager.h */ = {isa = PBXFileReference; fileEncoding = 4; lastKnownFileType = sourcecode.c.h; name = RenderPipelineManager.h; path = engine/RenderPipelineManager.h; sourceTree = "<group>"; };
		331431E91FB0CF600071D653 /* SGNode.cpp */ = {isa = PBXFileReference; fileEncoding = 4; lastKnownFileType = sourcecode.cpp.cpp; name = SGNode.cpp; path = engine/SGNode.cpp; sourceTree = "<group>"; };
		331431EA1FB0CF600071D653 /* Vector2.h */ = {isa = PBXFileReference; fileEncoding = 4; lastKnownFileType = sourcecode.c.h; name = Vector2.h; path = engine/Vector2.h; sourceTree = "<group>"; };
		331431EB1FB0CF610071D653 /* Vector3.cpp */ = {isa = PBXFileReference; fileEncoding = 4; lastKnownFileType = sourcecode.cpp.cpp; name = Vector3.cpp; path = engine/Vector3.cpp; sourceTree = "<group>"; };
		331431EC1FB0CF610071D653 /* Appearance.h */ = {isa = PBXFileReference; fileEncoding = 4; lastKnownFileType = sourcecode.c.h; name = Appearance.h; path = engine/Appearance.h; sourceTree = "<group>"; };
		331431ED1FB0CF610071D653 /* SceneIterator.h */ = {isa = PBXFileReference; fileEncoding = 4; lastKnownFileType = sourcecode.c.h; name = SceneIterator.h; path = engine/SceneIterator.h; sourceTree = "<group>"; };
		331431EE1FB0CF610071D653 /* SkinAnimClip.cpp */ = {isa = PBXFileReference; fileEncoding = 4; lastKnownFileType = sourcecode.cpp.cpp; name = SkinAnimClip.cpp; path = engine/SkinAnimClip.cpp; sourceTree = "<group>"; };
		331431EF1FB0CF610071D653 /* SceneIterator.cpp */ = {isa = PBXFileReference; fileEncoding = 4; lastKnownFileType = sourcecode.cpp.cpp; name = SceneIterator.cpp; path = engine/SceneIterator.cpp; sourceTree = "<group>"; };
		331431F01FB0CF610071D653 /* Shape.h */ = {isa = PBXFileReference; fileEncoding = 4; lastKnownFileType = sourcecode.c.h; name = Shape.h; path = engine/Shape.h; sourceTree = "<group>"; };
		331431F11FB0CF610071D653 /* IFeature.h */ = {isa = PBXFileReference; fileEncoding = 4; lastKnownFileType = sourcecode.c.h; name = IFeature.h; path = engine/IFeature.h; sourceTree = "<group>"; };
		331431F21FB0CF610071D653 /* GeometryBuffer.h */ = {isa = PBXFileReference; fileEncoding = 4; lastKnownFileType = sourcecode.c.h; name = GeometryBuffer.h; path = engine/GeometryBuffer.h; sourceTree = "<group>"; };
		331431F31FB0CF610071D653 /* Scene.cpp */ = {isa = PBXFileReference; fileEncoding = 4; lastKnownFileType = sourcecode.cpp.cpp; name = Scene.cpp; path = engine/Scene.cpp; sourceTree = "<group>"; };
		331431F41FB0CF610071D653 /* SGNode.h */ = {isa = PBXFileReference; fileEncoding = 4; lastKnownFileType = sourcecode.c.h; name = SGNode.h; path = engine/SGNode.h; sourceTree = "<group>"; };
		331431F51FB0CF610071D653 /* SkinAnim.h */ = {isa = PBXFileReference; fileEncoding = 4; lastKnownFileType = sourcecode.c.h; name = SkinAnim.h; path = engine/SkinAnim.h; sourceTree = "<group>"; };
		331431F61FB0CF610071D653 /* Transform.cpp */ = {isa = PBXFileReference; fileEncoding = 4; lastKnownFileType = sourcecode.cpp.cpp; name = Transform.cpp; path = engine/Transform.cpp; sourceTree = "<group>"; };
		331431F71FB0CF620071D653 /* Vector3.h */ = {isa = PBXFileReference; fileEncoding = 4; lastKnownFileType = sourcecode.c.h; name = Vector3.h; path = engine/Vector3.h; sourceTree = "<group>"; };
		331431F81FB0CF620071D653 /* Camera.cpp */ = {isa = PBXFileReference; fileEncoding = 4; lastKnownFileType = sourcecode.cpp.cpp; name = Camera.cpp; path = engine/Camera.cpp; sourceTree = "<group>"; };
		331431F91FB0CF620071D653 /* IRenderModule.cpp */ = {isa = PBXFileReference; fileEncoding = 4; lastKnownFileType = sourcecode.cpp.cpp; name = IRenderModule.cpp; path = engine/IRenderModule.cpp; sourceTree = "<group>"; };
		331431FA1FB0CF620071D653 /* Rect.cpp */ = {isa = PBXFileReference; fileEncoding = 4; lastKnownFileType = sourcecode.cpp.cpp; name = Rect.cpp; path = engine/Rect.cpp; sourceTree = "<group>"; };
		331431FB1FB0CF620071D653 /* RenderQueueManager.cpp */ = {isa = PBXFileReference; fileEncoding = 4; lastKnownFileType = sourcecode.cpp.cpp; name = RenderQueueManager.cpp; path = engine/RenderQueueManager.cpp; sourceTree = "<group>"; };
		331431FC1FB0CF620071D653 /* SkinAnim.cpp */ = {isa = PBXFileReference; fileEncoding = 4; lastKnownFileType = sourcecode.cpp.cpp; name = SkinAnim.cpp; path = engine/SkinAnim.cpp; sourceTree = "<group>"; };
		331431FD1FB0CF620071D653 /* Shape.cpp */ = {isa = PBXFileReference; fileEncoding = 4; lastKnownFileType = sourcecode.cpp.cpp; name = Shape.cpp; path = engine/Shape.cpp; sourceTree = "<group>"; };
		331431FE1FB0CF620071D653 /* RenderQueueManager.h */ = {isa = PBXFileReference; fileEncoding = 4; lastKnownFileType = sourcecode.c.h; name = RenderQueueManager.h; path = engine/RenderQueueManager.h; sourceTree = "<group>"; };
		331431FF1FB0CF620071D653 /* Quaternion.h */ = {isa = PBXFileReference; fileEncoding = 4; lastKnownFileType = sourcecode.c.h; name = Quaternion.h; path = engine/Quaternion.h; sourceTree = "<group>"; };
		331432001FB0CF620071D653 /* GPUResourceManager.cpp */ = {isa = PBXFileReference; fileEncoding = 4; lastKnownFileType = sourcecode.cpp.cpp; name = GPUResourceManager.cpp; path = engine/GPUResourceManager.cpp; sourceTree = "<group>"; };
		331432011FB0CF620071D653 /* SGNodeIterator.h */ = {isa = PBXFileReference; fileEncoding = 4; lastKnownFileType = sourcecode.c.h; name = SGNodeIterator.h; path = engine/SGNodeIterator.h; sourceTree = "<group>"; };
		331432021FB0CF630071D653 /* Shader.h */ = {isa = PBXFileReference; fileEncoding = 4; lastKnownFileType = sourcecode.c.h; name = Shader.h; path = engine/Shader.h; sourceTree = "<group>"; };
		331432031FB0CF630071D653 /* Ray.cpp */ = {isa = PBXFileReference; fileEncoding = 4; lastKnownFileType = sourcecode.cpp.cpp; name = Ray.cpp; path = engine/Ray.cpp; sourceTree = "<group>"; };
		331432041FB0CF630071D653 /* RenderModuleManager.h */ = {isa = PBXFileReference; fileEncoding = 4; lastKnownFileType = sourcecode.c.h; name = RenderModuleManager.h; path = engine/RenderModuleManager.h; sourceTree = "<group>"; };
		331432051FB0CF630071D653 /* SceneModelManipulator.cpp */ = {isa = PBXFileReference; fileEncoding = 4; lastKnownFileType = sourcecode.cpp.cpp; name = SceneModelManipulator.cpp; path = engine/SceneModelManipulator.cpp; sourceTree = "<group>"; };
		331432061FB0CF630071D653 /* IRenderPipeline.h */ = {isa = PBXFileReference; fileEncoding = 4; lastKnownFileType = sourcecode.c.h; name = IRenderPipeline.h; path = engine/IRenderPipeline.h; sourceTree = "<group>"; };
		331432071FB0CF630071D653 /* SkinAnimClip.h */ = {isa = PBXFileReference; fileEncoding = 4; lastKnownFileType = sourcecode.c.h; name = SkinAnimClip.h; path = engine/SkinAnimClip.h; sourceTree = "<group>"; };
		331432081FB0CF630071D653 /* RenderTarget.cpp */ = {isa = PBXFileReference; fileEncoding = 4; lastKnownFileType = sourcecode.cpp.cpp; name = RenderTarget.cpp; path = engine/RenderTarget.cpp; sourceTree = "<group>"; };
		331432091FB0CF630071D653 /* Vector2.cpp */ = {isa = PBXFileReference; fileEncoding = 4; lastKnownFileType = sourcecode.cpp.cpp; name = Vector2.cpp; path = engine/Vector2.cpp; sourceTree = "<group>"; };
		3314320A1FB0CF630071D653 /* Component.h */ = {isa = PBXFileReference; fileEncoding = 4; lastKnownFileType = sourcecode.c.h; name = Component.h; path = engine/Component.h; sourceTree = "<group>"; };
		3314320B1FB0CF630071D653 /* IPreRender.h */ = {isa = PBXFileReference; fileEncoding = 4; lastKnownFileType = sourcecode.c.h; name = IPreRender.h; path = engine/IPreRender.h; sourceTree = "<group>"; };
		3314320C1FB0CF630071D653 /* PreRenderManager.h */ = {isa = PBXFileReference; fileEncoding = 4; lastKnownFileType = sourcecode.c.h; name = PreRenderManager.h; path = engine/PreRenderManager.h; sourceTree = "<group>"; };
		3314320D1FB0CF640071D653 /* RenderingEngine.cpp */ = {isa = PBXFileReference; fileEncoding = 4; lastKnownFileType = sourcecode.cpp.cpp; name = RenderingEngine.cpp; path = engine/RenderingEngine.cpp; sourceTree = "<group>"; };
		3314320E1FB0CF640071D653 /* SceneModelManipulator.h */ = {isa = PBXFileReference; fileEncoding = 4; lastKnownFileType = sourcecode.c.h; name = SceneModelManipulator.h; path = engine/SceneModelManipulator.h; sourceTree = "<group>"; };
		3314320F1FB0CF640071D653 /* SkinShape.cpp */ = {isa = PBXFileReference; fileEncoding = 4; lastKnownFileType = sourcecode.cpp.cpp; name = SkinShape.cpp; path = engine/SkinShape.cpp; sourceTree = "<group>"; };
		331432101FB0CF640071D653 /* Vector4.h */ = {isa = PBXFileReference; fileEncoding = 4; lastKnownFileType = sourcecode.c.h; name = Vector4.h; path = engine/Vector4.h; sourceTree = "<group>"; };
		331432111FB0CF640071D653 /* CameraManager.cpp */ = {isa = PBXFileReference; fileEncoding = 4; lastKnownFileType = sourcecode.cpp.cpp; name = CameraManager.cpp; path = engine/CameraManager.cpp; sourceTree = "<group>"; };
		331432121FB0CF640071D653 /* RenderQueue.cpp */ = {isa = PBXFileReference; fileEncoding = 4; lastKnownFileType = sourcecode.cpp.cpp; name = RenderQueue.cpp; path = engine/RenderQueue.cpp; sourceTree = "<group>"; };
		331432131FB0CF640071D653 /* Common.cpp */ = {isa = PBXFileReference; fileEncoding = 4; lastKnownFileType = sourcecode.cpp.cpp; name = Common.cpp; path = engine/Common.cpp; sourceTree = "<group>"; };
		331DE7A51FBF54BC0053A992 /* SceneParser.h */ = {isa = PBXFileReference; fileEncoding = 4; lastKnownFileType = sourcecode.c.h; name = SceneParser.h; path = engine/SceneParser.h; sourceTree = "<group>"; };
		331DE7A61FBF54BC0053A992 /* SceneParser.cpp */ = {isa = PBXFileReference; fileEncoding = 4; lastKnownFileType = sourcecode.cpp.cpp; name = SceneParser.cpp; path = engine/SceneParser.cpp; sourceTree = "<group>"; };
		3391154E1FB0CEFD005CA4DA /* libpipeline.a */ = {isa = PBXFileReference; explicitFileType = archive.ar; includeInIndex = 0; path = libpipeline.a; sourceTree = BUILT_PRODUCTS_DIR; };
/* End PBXFileReference section */

/* Begin PBXFrameworksBuildPhase section */
		3391154B1FB0CEFD005CA4DA /* Frameworks */ = {
			isa = PBXFrameworksBuildPhase;
			buildActionMask = 2147483647;
			files = (
			);
			runOnlyForDeploymentPostprocessing = 0;
		};
/* End PBXFrameworksBuildPhase section */

/* Begin PBXGroup section */
		331431B61FB0CF4C0071D653 /* pipeline */ = {
			isa = PBXGroup;
			children = (
				331431CC1FB0CF5D0071D653 /* Appearance.cpp */,
				331431EC1FB0CF610071D653 /* Appearance.h */,
				331431BC1FB0CF5C0071D653 /* Bound.cpp */,
				331431BD1FB0CF5C0071D653 /* Bound.h */,
				331431F81FB0CF620071D653 /* Camera.cpp */,
				331431C61FB0CF5D0071D653 /* Camera.h */,
				331432111FB0CF640071D653 /* CameraManager.cpp */,
				331431E61FB0CF600071D653 /* CameraManager.h */,
				331431DE1FB0CF5F0071D653 /* Collider.cpp */,
				331431B81FB0CF5C0071D653 /* Collider.h */,
				331431D31FB0CF5E0071D653 /* Color.cpp */,
				331431D61FB0CF5E0071D653 /* Color.h */,
				331432131FB0CF640071D653 /* Common.cpp */,
				331431DF1FB0CF5F0071D653 /* Common.h */,
				331431D51FB0CF5E0071D653 /* Component.cpp */,
				3314320A1FB0CF630071D653 /* Component.h */,
				331431C01FB0CF5C0071D653 /* FeatureType.h */,
				331431C51FB0CF5D0071D653 /* FeatureVisitor.cpp */,
				331431D91FB0CF5F0071D653 /* FeatureVisitor.h */,
				331431C11FB0CF5D0071D653 /* Geometry.cpp */,
				331431CA1FB0CF5D0071D653 /* Geometry.h */,
				331431CF1FB0CF5E0071D653 /* GeometryBuffer.cpp */,
				331431F21FB0CF610071D653 /* GeometryBuffer.h */,
				331432001FB0CF620071D653 /* GPUResourceManager.cpp */,
				331431BB1FB0CF5C0071D653 /* GPUResourceManager.h */,
				331431C71FB0CF5D0071D653 /* IFeature.cpp */,
				331431F11FB0CF610071D653 /* IFeature.h */,
				331431E11FB0CF600071D653 /* IGPUResource.cpp */,
				331431D71FB0CF5F0071D653 /* IGPUResource.h */,
				331431E21FB0CF600071D653 /* IPreRender.cpp */,
				3314320B1FB0CF630071D653 /* IPreRender.h */,
				331431E31FB0CF600071D653 /* IRenderControlUnit.cpp */,
				331431DA1FB0CF5F0071D653 /* IRenderControlUnit.h */,
				331431F91FB0CF620071D653 /* IRenderModule.cpp */,
				331431D41FB0CF5E0071D653 /* IRenderModule.h */,
				331431DC1FB0CF5F0071D653 /* IRenderPipeline.cpp */,
				331432061FB0CF630071D653 /* IRenderPipeline.h */,
				331431E41FB0CF600071D653 /* Light.cpp */,
				331431BA1FB0CF5C0071D653 /* Light.h */,
				331431D81FB0CF5F0071D653 /* Mathf.cpp */,
				331431C41FB0CF5D0071D653 /* Mathf.h */,
				331431E51FB0CF600071D653 /* Matrix4x4.cpp */,
				331431CD1FB0CF5D0071D653 /* Matrix4x4.h */,
				331431C31FB0CF5D0071D653 /* PreRenderManager.cpp */,
				3314320C1FB0CF630071D653 /* PreRenderManager.h */,
				331431D01FB0CF5E0071D653 /* Quaternion.cpp */,
				331431FF1FB0CF620071D653 /* Quaternion.h */,
				331432031FB0CF630071D653 /* Ray.cpp */,
				331431B71FB0CF5C0071D653 /* Ray.h */,
				331431FA1FB0CF620071D653 /* Rect.cpp */,
				331431DB1FB0CF5F0071D653 /* Rect.h */,
				3314320D1FB0CF640071D653 /* RenderingEngine.cpp */,
				331431DD1FB0CF5F0071D653 /* RenderingEngine.h */,
				331431E01FB0CF5F0071D653 /* RenderModuleManager.cpp */,
				331432041FB0CF630071D653 /* RenderModuleManager.h */,
				331431E71FB0CF600071D653 /* RenderPipelineManager.cpp */,
				331431E81FB0CF600071D653 /* RenderPipelineManager.h */,
				331432121FB0CF640071D653 /* RenderQueue.cpp */,
				331431B91FB0CF5C0071D653 /* RenderQueue.h */,
				331431FB1FB0CF620071D653 /* RenderQueueManager.cpp */,
				331431FE1FB0CF620071D653 /* RenderQueueManager.h */,
				331432081FB0CF630071D653 /* RenderTarget.cpp */,
				331431CB1FB0CF5D0071D653 /* RenderTarget.h */,
				331431F31FB0CF610071D653 /* Scene.cpp */,
				331431C21FB0CF5D0071D653 /* Scene.h */,
				331431EF1FB0CF610071D653 /* SceneIterator.cpp */,
				331431ED1FB0CF610071D653 /* SceneIterator.h */,
				331432051FB0CF630071D653 /* SceneModelManipulator.cpp */,
				3314320E1FB0CF640071D653 /* SceneModelManipulator.h */,
				331DE7A61FBF54BC0053A992 /* SceneParser.cpp */,
				331DE7A51FBF54BC0053A992 /* SceneParser.h */,
				331431E91FB0CF600071D653 /* SGNode.cpp */,
				331431F41FB0CF610071D653 /* SGNode.h */,
				331431D11FB0CF5E0071D653 /* SGNodeIterator.cpp */,
				331432011FB0CF620071D653 /* SGNodeIterator.h */,
				331431C91FB0CF5D0071D653 /* Shader.cpp */,
				331432021FB0CF630071D653 /* Shader.h */,
				331431FD1FB0CF620071D653 /* Shape.cpp */,
				331431F01FB0CF610071D653 /* Shape.h */,
				331431FC1FB0CF620071D653 /* SkinAnim.cpp */,
				331431F51FB0CF610071D653 /* SkinAnim.h */,
				331431EE1FB0CF610071D653 /* SkinAnimClip.cpp */,
				331432071FB0CF630071D653 /* SkinAnimClip.h */,
				3314320F1FB0CF640071D653 /* SkinShape.cpp */,
				331431BF1FB0CF5C0071D653 /* SkinShape.h */,
				331431C81FB0CF5D0071D653 /* Texture.cpp */,
				331431BE1FB0CF5C0071D653 /* Texture.h */,
				331431F61FB0CF610071D653 /* Transform.cpp */,
				331431CE1FB0CF5D0071D653 /* Transform.h */,
				331432091FB0CF630071D653 /* Vector2.cpp */,
				331431EA1FB0CF600071D653 /* Vector2.h */,
				331431EB1FB0CF610071D653 /* Vector3.cpp */,
				331431F71FB0CF620071D653 /* Vector3.h */,
				331431D21FB0CF5E0071D653 /* Vector4.cpp */,
				331432101FB0CF640071D653 /* Vector4.h */,
			);
			name = pipeline;
			sourceTree = "<group>";
		};
		339115451FB0CEFC005CA4DA = {
			isa = PBXGroup;
			children = (
				331431B61FB0CF4C0071D653 /* pipeline */,
				3391154F1FB0CEFD005CA4DA /* Products */,
			);
			sourceTree = "<group>";
		};
		3391154F1FB0CEFD005CA4DA /* Products */ = {
			isa = PBXGroup;
			children = (
				3391154E1FB0CEFD005CA4DA /* libpipeline.a */,
			);
			name = Products;
			sourceTree = "<group>";
		};
/* End PBXGroup section */

/* Begin PBXHeadersBuildPhase section */
		3391154C1FB0CEFD005CA4DA /* Headers */ = {
			isa = PBXHeadersBuildPhase;
			buildActionMask = 2147483647;
			files = (
				3314326D1FB0CF640071D653 /* Vector4.h in Headers */,
				3314322A1FB0CF640071D653 /* Matrix4x4.h in Headers */,
				3314323A1FB0CF640071D653 /* RenderingEngine.h in Headers */,
				331432671FB0CF640071D653 /* Component.h in Headers */,
				331432471FB0CF640071D653 /* Vector2.h in Headers */,
				331432151FB0CF640071D653 /* Collider.h in Headers */,
				331432181FB0CF640071D653 /* GPUResourceManager.h in Headers */,
				331432681FB0CF640071D653 /* IPreRender.h in Headers */,
				331432431FB0CF640071D653 /* CameraManager.h in Headers */,
				331432511FB0CF640071D653 /* SGNode.h in Headers */,
				331432631FB0CF640071D653 /* IRenderPipeline.h in Headers */,
				331432171FB0CF640071D653 /* Light.h in Headers */,
				3314325E1FB0CF640071D653 /* SGNodeIterator.h in Headers */,
				331432231FB0CF640071D653 /* Camera.h in Headers */,
				331DE7A71FBF54BD0053A992 /* SceneParser.h in Headers */,
				3314321D1FB0CF640071D653 /* FeatureType.h in Headers */,
				331432641FB0CF640071D653 /* SkinAnimClip.h in Headers */,
				331432331FB0CF640071D653 /* Color.h in Headers */,
				331432491FB0CF640071D653 /* Appearance.h in Headers */,
				3314321B1FB0CF640071D653 /* Texture.h in Headers */,
				3314324F1FB0CF640071D653 /* GeometryBuffer.h in Headers */,
				331432541FB0CF640071D653 /* Vector3.h in Headers */,
				3314324D1FB0CF640071D653 /* Shape.h in Headers */,
				331432451FB0CF640071D653 /* RenderPipelineManager.h in Headers */,
				331432521FB0CF640071D653 /* SkinAnim.h in Headers */,
				331432691FB0CF640071D653 /* PreRenderManager.h in Headers */,
				331432271FB0CF640071D653 /* Geometry.h in Headers */,
				3314325C1FB0CF640071D653 /* Quaternion.h in Headers */,
				331432371FB0CF640071D653 /* IRenderControlUnit.h in Headers */,
				331432311FB0CF640071D653 /* IRenderModule.h in Headers */,
				3314324A1FB0CF640071D653 /* SceneIterator.h in Headers */,
				331432341FB0CF640071D653 /* IGPUResource.h in Headers */,
				3314321A1FB0CF640071D653 /* Bound.h in Headers */,
				331432141FB0CF640071D653 /* Ray.h in Headers */,
				331432161FB0CF640071D653 /* RenderQueue.h in Headers */,
				331432611FB0CF640071D653 /* RenderModuleManager.h in Headers */,
				3314326B1FB0CF640071D653 /* SceneModelManipulator.h in Headers */,
				331432361FB0CF640071D653 /* FeatureVisitor.h in Headers */,
				3314321C1FB0CF640071D653 /* SkinShape.h in Headers */,
				3314325F1FB0CF640071D653 /* Shader.h in Headers */,
				331432281FB0CF640071D653 /* RenderTarget.h in Headers */,
				3314322B1FB0CF640071D653 /* Transform.h in Headers */,
				3314321F1FB0CF640071D653 /* Scene.h in Headers */,
				331432381FB0CF640071D653 /* Rect.h in Headers */,
				331432211FB0CF640071D653 /* Mathf.h in Headers */,
				3314324E1FB0CF640071D653 /* IFeature.h in Headers */,
				3314325B1FB0CF640071D653 /* RenderQueueManager.h in Headers */,
				3314323C1FB0CF640071D653 /* Common.h in Headers */,
			);
			runOnlyForDeploymentPostprocessing = 0;
		};
/* End PBXHeadersBuildPhase section */

/* Begin PBXNativeTarget section */
		3391154D1FB0CEFD005CA4DA /* pipeline */ = {
			isa = PBXNativeTarget;
			buildConfigurationList = 339115591FB0CEFD005CA4DA /* Build configuration list for PBXNativeTarget "pipeline" */;
			buildPhases = (
				3391154A1FB0CEFD005CA4DA /* Sources */,
				3391154B1FB0CEFD005CA4DA /* Frameworks */,
				3391154C1FB0CEFD005CA4DA /* Headers */,
			);
			buildRules = (
			);
			dependencies = (
			);
			name = pipeline;
			productName = pipeline;
			productReference = 3391154E1FB0CEFD005CA4DA /* libpipeline.a */;
			productType = "com.apple.product-type.library.static";
		};
/* End PBXNativeTarget section */

/* Begin PBXProject section */
		339115461FB0CEFC005CA4DA /* Project object */ = {
			isa = PBXProject;
			attributes = {
				LastUpgradeCheck = 0910;
				ORGANIZATIONNAME = "盛崇山";
				TargetAttributes = {
					3391154D1FB0CEFD005CA4DA = {
						CreatedOnToolsVersion = 9.1;
						ProvisioningStyle = Automatic;
					};
				};
			};
			buildConfigurationList = 339115491FB0CEFC005CA4DA /* Build configuration list for PBXProject "pipeline" */;
			compatibilityVersion = "Xcode 8.0";
			developmentRegion = en;
			hasScannedForEncodings = 0;
			knownRegions = (
				en,
			);
			mainGroup = 339115451FB0CEFC005CA4DA;
			productRefGroup = 3391154F1FB0CEFD005CA4DA /* Products */;
			projectDirPath = "";
			projectRoot = "";
			targets = (
				3391154D1FB0CEFD005CA4DA /* pipeline */,
			);
		};
/* End PBXProject section */

/* Begin PBXSourcesBuildPhase section */
		3391154A1FB0CEFD005CA4DA /* Sources */ = {
			isa = PBXSourcesBuildPhase;
			buildActionMask = 2147483647;
			files = (
				331432531FB0CF640071D653 /* Transform.cpp in Sources */,
				331432411FB0CF640071D653 /* Light.cpp in Sources */,
				3314322E1FB0CF640071D653 /* SGNodeIterator.cpp in Sources */,
				3314326C1FB0CF640071D653 /* SkinShape.cpp in Sources */,
				331432301FB0CF640071D653 /* Color.cpp in Sources */,
				331432601FB0CF640071D653 /* Ray.cpp in Sources */,
				331432191FB0CF640071D653 /* Bound.cpp in Sources */,
				331432391FB0CF640071D653 /* IRenderPipeline.cpp in Sources */,
				331432241FB0CF640071D653 /* IFeature.cpp in Sources */,
				3314326A1FB0CF640071D653 /* RenderingEngine.cpp in Sources */,
				3314321E1FB0CF640071D653 /* Geometry.cpp in Sources */,
				3314322D1FB0CF640071D653 /* Quaternion.cpp in Sources */,
				3314323F1FB0CF640071D653 /* IPreRender.cpp in Sources */,
				331432251FB0CF640071D653 /* Texture.cpp in Sources */,
				3314326E1FB0CF640071D653 /* CameraManager.cpp in Sources */,
				331432421FB0CF640071D653 /* Matrix4x4.cpp in Sources */,
				331DE7A81FBF54BD0053A992 /* SceneParser.cpp in Sources */,
				3314323B1FB0CF640071D653 /* Collider.cpp in Sources */,
				3314323E1FB0CF640071D653 /* IGPUResource.cpp in Sources */,
				3314323D1FB0CF640071D653 /* RenderModuleManager.cpp in Sources */,
				331432261FB0CF640071D653 /* Shader.cpp in Sources */,
				331432461FB0CF640071D653 /* SGNode.cpp in Sources */,
				331432561FB0CF640071D653 /* IRenderModule.cpp in Sources */,
				331432481FB0CF640071D653 /* Vector3.cpp in Sources */,
				331432551FB0CF640071D653 /* Camera.cpp in Sources */,
				331432501FB0CF640071D653 /* Scene.cpp in Sources */,
				3314322F1FB0CF640071D653 /* Vector4.cpp in Sources */,
				331432321FB0CF640071D653 /* Component.cpp in Sources */,
				331432591FB0CF640071D653 /* SkinAnim.cpp in Sources */,
				331432401FB0CF640071D653 /* IRenderControlUnit.cpp in Sources */,
				331432621FB0CF640071D653 /* SceneModelManipulator.cpp in Sources */,
				331432351FB0CF640071D653 /* Mathf.cpp in Sources */,
				331432441FB0CF640071D653 /* RenderPipelineManager.cpp in Sources */,
				331432201FB0CF640071D653 /* PreRenderManager.cpp in Sources */,
				331432661FB0CF640071D653 /* Vector2.cpp in Sources */,
				331432701FB0CF640071D653 /* Common.cpp in Sources */,
				3314326F1FB0CF640071D653 /* RenderQueue.cpp in Sources */,
				331432571FB0CF640071D653 /* Rect.cpp in Sources */,
				3314324B1FB0CF640071D653 /* SkinAnimClip.cpp in Sources */,
				331432651FB0CF640071D653 /* RenderTarget.cpp in Sources */,
				331432581FB0CF640071D653 /* RenderQueueManager.cpp in Sources */,
				331432221FB0CF640071D653 /* FeatureVisitor.cpp in Sources */,
				3314322C1FB0CF640071D653 /* GeometryBuffer.cpp in Sources */,
				3314325D1FB0CF640071D653 /* GPUResourceManager.cpp in Sources */,
				3314324C1FB0CF640071D653 /* SceneIterator.cpp in Sources */,
				331432291FB0CF640071D653 /* Appearance.cpp in Sources */,
				3314325A1FB0CF640071D653 /* Shape.cpp in Sources */,
			);
			runOnlyForDeploymentPostprocessing = 0;
		};
/* End PBXSourcesBuildPhase section */

/* Begin XCBuildConfiguration section */
		339115571FB0CEFD005CA4DA /* Debug */ = {
			isa = XCBuildConfiguration;
			buildSettings = {
				ALWAYS_SEARCH_USER_PATHS = NO;
				CLANG_ANALYZER_NONNULL = YES;
				CLANG_ANALYZER_NUMBER_OBJECT_CONVERSION = YES_AGGRESSIVE;
				CLANG_CXX_LANGUAGE_STANDARD = "gnu++14";
				CLANG_CXX_LIBRARY = "libc++";
				CLANG_ENABLE_MODULES = YES;
				CLANG_ENABLE_OBJC_ARC = YES;
				CLANG_WARN_BLOCK_CAPTURE_AUTORELEASING = YES;
				CLANG_WARN_BOOL_CONVERSION = YES;
				CLANG_WARN_COMMA = YES;
				CLANG_WARN_CONSTANT_CONVERSION = YES;
				CLANG_WARN_DIRECT_OBJC_ISA_USAGE = YES_ERROR;
				CLANG_WARN_DOCUMENTATION_COMMENTS = YES;
				CLANG_WARN_EMPTY_BODY = YES;
				CLANG_WARN_ENUM_CONVERSION = YES;
				CLANG_WARN_INFINITE_RECURSION = YES;
				CLANG_WARN_INT_CONVERSION = YES;
				CLANG_WARN_NON_LITERAL_NULL_CONVERSION = YES;
				CLANG_WARN_OBJC_LITERAL_CONVERSION = YES;
				CLANG_WARN_OBJC_ROOT_CLASS = YES_ERROR;
				CLANG_WARN_RANGE_LOOP_ANALYSIS = YES;
				CLANG_WARN_STRICT_PROTOTYPES = YES;
				CLANG_WARN_SUSPICIOUS_MOVE = YES;
				CLANG_WARN_UNGUARDED_AVAILABILITY = YES_AGGRESSIVE;
				CLANG_WARN_UNREACHABLE_CODE = YES;
				CLANG_WARN__DUPLICATE_METHOD_MATCH = YES;
				CODE_SIGN_IDENTITY = "Mac Developer";
				COPY_PHASE_STRIP = NO;
				DEBUG_INFORMATION_FORMAT = dwarf;
				ENABLE_STRICT_OBJC_MSGSEND = YES;
				ENABLE_TESTABILITY = YES;
				GCC_C_LANGUAGE_STANDARD = gnu11;
				GCC_DYNAMIC_NO_PIC = NO;
				GCC_NO_COMMON_BLOCKS = YES;
				GCC_OPTIMIZATION_LEVEL = 0;
				GCC_PREPROCESSOR_DEFINITIONS = (
					"DEBUG=1",
					"$(inherited)",
				);
				GCC_WARN_64_TO_32_BIT_CONVERSION = YES;
				GCC_WARN_ABOUT_RETURN_TYPE = YES_ERROR;
				GCC_WARN_UNDECLARED_SELECTOR = YES;
				GCC_WARN_UNINITIALIZED_AUTOS = YES_AGGRESSIVE;
				GCC_WARN_UNUSED_FUNCTION = YES;
				GCC_WARN_UNUSED_VARIABLE = YES;
				MACOSX_DEPLOYMENT_TARGET = 10.13;
				MTL_ENABLE_DEBUG_INFO = YES;
				ONLY_ACTIVE_ARCH = YES;
				SDKROOT = macosx;
			};
			name = Debug;
		};
		339115581FB0CEFD005CA4DA /* Release */ = {
			isa = XCBuildConfiguration;
			buildSettings = {
				ALWAYS_SEARCH_USER_PATHS = NO;
				CLANG_ANALYZER_NONNULL = YES;
				CLANG_ANALYZER_NUMBER_OBJECT_CONVERSION = YES_AGGRESSIVE;
				CLANG_CXX_LANGUAGE_STANDARD = "gnu++14";
				CLANG_CXX_LIBRARY = "libc++";
				CLANG_ENABLE_MODULES = YES;
				CLANG_ENABLE_OBJC_ARC = YES;
				CLANG_WARN_BLOCK_CAPTURE_AUTORELEASING = YES;
				CLANG_WARN_BOOL_CONVERSION = YES;
				CLANG_WARN_COMMA = YES;
				CLANG_WARN_CONSTANT_CONVERSION = YES;
				CLANG_WARN_DIRECT_OBJC_ISA_USAGE = YES_ERROR;
				CLANG_WARN_DOCUMENTATION_COMMENTS = YES;
				CLANG_WARN_EMPTY_BODY = YES;
				CLANG_WARN_ENUM_CONVERSION = YES;
				CLANG_WARN_INFINITE_RECURSION = YES;
				CLANG_WARN_INT_CONVERSION = YES;
				CLANG_WARN_NON_LITERAL_NULL_CONVERSION = YES;
				CLANG_WARN_OBJC_LITERAL_CONVERSION = YES;
				CLANG_WARN_OBJC_ROOT_CLASS = YES_ERROR;
				CLANG_WARN_RANGE_LOOP_ANALYSIS = YES;
				CLANG_WARN_STRICT_PROTOTYPES = YES;
				CLANG_WARN_SUSPICIOUS_MOVE = YES;
				CLANG_WARN_UNGUARDED_AVAILABILITY = YES_AGGRESSIVE;
				CLANG_WARN_UNREACHABLE_CODE = YES;
				CLANG_WARN__DUPLICATE_METHOD_MATCH = YES;
				CODE_SIGN_IDENTITY = "Mac Developer";
				COPY_PHASE_STRIP = NO;
				DEBUG_INFORMATION_FORMAT = "dwarf-with-dsym";
				ENABLE_NS_ASSERTIONS = NO;
				ENABLE_STRICT_OBJC_MSGSEND = YES;
				GCC_C_LANGUAGE_STANDARD = gnu11;
				GCC_NO_COMMON_BLOCKS = YES;
				GCC_WARN_64_TO_32_BIT_CONVERSION = YES;
				GCC_WARN_ABOUT_RETURN_TYPE = YES_ERROR;
				GCC_WARN_UNDECLARED_SELECTOR = YES;
				GCC_WARN_UNINITIALIZED_AUTOS = YES_AGGRESSIVE;
				GCC_WARN_UNUSED_FUNCTION = YES;
				GCC_WARN_UNUSED_VARIABLE = YES;
				MACOSX_DEPLOYMENT_TARGET = 10.13;
				MTL_ENABLE_DEBUG_INFO = NO;
				SDKROOT = macosx;
			};
			name = Release;
		};
		3391155A1FB0CEFD005CA4DA /* Debug */ = {
			isa = XCBuildConfiguration;
			buildSettings = {
				CODE_SIGN_STYLE = Automatic;
				"COPY_HEADERS_UNIFDEF_FLAGS[sdk=*]" = "../../bgfx/include/bgfx/ ../../bimg/include/bimg/ ../../bx/include/bx/";
				DEVELOPMENT_TEAM = 4448PV9VW8;
				EXECUTABLE_PREFIX = lib;
				GCC_ENABLE_CPP_EXCEPTIONS = YES;
				GCC_ENABLE_CPP_RTTI = YES;
				HEADER_SEARCH_PATHS = (
					../bgfx/include/,
					../bimg/include/,
					../bx/include/,
				);
				PRODUCT_NAME = "$(TARGET_NAME)";
				SDKROOT = iphoneos11.1;
			};
			name = Debug;
		};
		3391155B1FB0CEFD005CA4DA /* Release */ = {
			isa = XCBuildConfiguration;
			buildSettings = {
				CODE_SIGN_STYLE = Automatic;
				"COPY_HEADERS_UNIFDEF_FLAGS[sdk=*]" = "../../bgfx/include/bgfx/ ../../bimg/include/bimg/ ../../bx/include/bx/";
				DEVELOPMENT_TEAM = 4448PV9VW8;
				EXECUTABLE_PREFIX = lib;
				GCC_ENABLE_CPP_EXCEPTIONS = YES;
				GCC_ENABLE_CPP_RTTI = YES;
				HEADER_SEARCH_PATHS = (
					../bgfx/include/,
					../bimg/include/,
					../bx/include/,
				);
				PRODUCT_NAME = "$(TARGET_NAME)";
				SDKROOT = iphoneos11.1;
			};
			name = Release;
		};
/* End XCBuildConfiguration section */

/* Begin XCConfigurationList section */
		339115491FB0CEFC005CA4DA /* Build configuration list for PBXProject "pipeline" */ = {
			isa = XCConfigurationList;
			buildConfigurations = (
				339115571FB0CEFD005CA4DA /* Debug */,
				339115581FB0CEFD005CA4DA /* Release */,
			);
			defaultConfigurationIsVisible = 0;
			defaultConfigurationName = Release;
		};
		339115591FB0CEFD005CA4DA /* Build configuration list for PBXNativeTarget "pipeline" */ = {
			isa = XCConfigurationList;
			buildConfigurations = (
				3391155A1FB0CEFD005CA4DA /* Debug */,
				3391155B1FB0CEFD005CA4DA /* Release */,
			);
			defaultConfigurationIsVisible = 0;
			defaultConfigurationName = Release;
		};
/* End XCConfigurationList section */
	};
	rootObject = 339115461FB0CEFC005CA4DA /* Project object */;
}
